# THIS IS AN AUTOGENERATED FILE. DO NOT EDIT THIS FILE DIRECTLY.
# yarn lockfile v1


"@babel/compat-data@^7.11.0":
  version "7.11.0"
  resolved "https://registry.yarnpkg.com/@babel/compat-data/-/compat-data-7.11.0.tgz#e9f73efe09af1355b723a7f39b11bad637d7c99c"
  integrity sha512-TPSvJfv73ng0pfnEOh17bYMPQbI95+nGWc71Ss4vZdRBHTDqmM9Z8ZV4rYz8Ks7sfzc95n30k6ODIq5UGnXcYQ==
  dependencies:
    browserslist "^4.12.0"
    invariant "^2.2.4"
    semver "^5.5.0"

browserslist@^4.12.0:
  version "4.14.5"
  resolved "https://registry.yarnpkg.com/browserslist/-/browserslist-4.14.5.tgz#1c751461a102ddc60e40993639b709be7f2c4015"
  integrity sha512-Z+vsCZIvCBvqLoYkBFTwEYH3v5MCQbsAjp50ERycpOjnPmolg1Gjy4+KaWWpm8QOJt9GHkhdqAl14NpCX73CWA==
  dependencies:
    caniuse-lite "^1.0.30001135"
    electron-to-chromium "^1.3.571"
    escalade "^3.1.0"
    node-releases "^1.1.61"

caniuse-lite@^1.0.30001135:
  version "1.0.30001146"
  resolved "https://registry.yarnpkg.com/caniuse-lite/-/caniuse-lite-1.0.30001146.tgz#c61fcb1474520c1462913689201fb292ba6f447c"
  integrity sha512-VAy5RHDfTJhpxnDdp2n40GPPLp3KqNrXz1QqFv4J64HvArKs8nuNMOWkB3ICOaBTU/Aj4rYAo/ytdQDDFF/Pug==

electron-to-chromium@^1.3.571:
  version "1.3.578"
  resolved "https://registry.yarnpkg.com/electron-to-chromium/-/electron-to-chromium-1.3.578.tgz#e6671936f4571a874eb26e2e833aa0b2c0b776e0"
  integrity sha512-z4gU6dA1CbBJsAErW5swTGAaU2TBzc2mPAonJb00zqW1rOraDo2zfBMDRvaz9cVic+0JEZiYbHWPw/fTaZlG2Q==

escalade@^3.1.0:
  version "3.1.0"
  resolved "https://registry.yarnpkg.com/escalade/-/escalade-3.1.0.tgz#e8e2d7c7a8b76f6ee64c2181d6b8151441602d4e"
  integrity sha512-mAk+hPSO8fLDkhV7V0dXazH5pDc6MrjBTPyD3VeKzxnVFjH1MIxbCdqGZB9O8+EwWakZs3ZCbDS4IpRt79V1ig==

eslint-config-prettier@^6.11.0:
  version "6.11.0"
  resolved "https://registry.yarnpkg.com/eslint-config-prettier/-/eslint-config-prettier-6.11.0.tgz#f6d2238c1290d01c859a8b5c1f7d352a0b0da8b1"
  integrity sha512-oB8cpLWSAjOVFEJhhyMZh6NOEOtBVziaqdDQ86+qhDHFbZXoRTM7pNSvFRfW/W/L/LrQ38C99J5CGuRBBzBsdA==
  dependencies:
    get-stdin "^6.0.0"

get-stdin@^6.0.0:
  version "6.0.0"
  resolved "https://registry.yarnpkg.com/get-stdin/-/get-stdin-6.0.0.tgz#9e09bf712b360ab9225e812048f71fde9c89657b"
  integrity sha512-jp4tHawyV7+fkkSKyvjuLZswblUtz+SQKzSWnBbii16BuZksJlU1wuBYXY75r+duh/llF1ur6oNwi+2ZzjKZ7g==

invariant@^2.2.4:
  version "2.2.4"
  resolved "https://registry.yarnpkg.com/invariant/-/invariant-2.2.4.tgz#610f3c92c9359ce1db616e538008d23ff35158e6"
  integrity sha512-phJfQVBuaJM5raOpJjSfkiD6BpbCE4Ns//LaXl6wGYtUBY83nWS6Rf9tXm2e8VaK60JEjYldbPif/A2B1C2gNA==
  dependencies:
    loose-envify "^1.0.0"

"js-tokens@^3.0.0 || ^4.0.0":
  version "4.0.0"
  resolved "https://registry.yarnpkg.com/js-tokens/-/js-tokens-4.0.0.tgz#19203fb59991df98e3a287050d4647cdeaf32499"
  integrity sha512-RdJUflcE3cUzKiMqQgsCu06FPu9UdIJO0beYbPhHN4k6apgJtifcoCtT9bcxOpYBtpD2kCM6Sbzg4CausW/PKQ==

loose-envify@^1.0.0:
  version "1.4.0"
  resolved "https://registry.yarnpkg.com/loose-envify/-/loose-envify-1.4.0.tgz#71ee51fa7be4caec1a63839f7e682d8132d30caf"
  integrity sha512-lyuxPGr/Wfhrlem2CL/UcnUc1zcqKAImBDzukY7Y5F/yQiNdko6+fRLevlw1HgMySw7f611UIY408EtxRSoK3Q==
  dependencies:
    js-tokens "^3.0.0 || ^4.0.0"

node-releases@^1.1.61:
  version "1.1.61"
  resolved "https://registry.yarnpkg.com/node-releases/-/node-releases-1.1.61.tgz#707b0fca9ce4e11783612ba4a2fcba09047af16e"
  integrity sha512-DD5vebQLg8jLCOzwupn954fbIiZht05DAZs0k2u8NStSe6h9XdsuIQL8hSRKYiU8WUQRznmSDrKGbv3ObOmC7g==

semver@^5.5.0:
  version "5.7.1"
  resolved "https://registry.yarnpkg.com/semver/-/semver-5.7.1.tgz#a954f931aeba508d307bbf069eff0c01c96116f7"
  integrity sha512-sauaDf/PZdVgrLTNYHRtpXa1iRiKcaebiKQ1BJdpQlWH2lCvexQdX55snPFyK7QzpudqbCI0qXFfOasHdyNDGQ==
